lockfileVersion: '9.0'

settings:
  autoInstallPeers: true
  excludeLinksFromLockfile: false

importers:

  .:
    dependencies:
      v86:
        specifier: 0.5.357
        version: 0.5.357
      xterm:
        specifier: 5.3.0
        version: 5.3.0
      xterm-addon-fit:
        specifier: 0.8.0
        version: 0.8.0(xterm@5.3.0)

packages:

  v86@0.5.357:
    resolution: {integrity: sha512-3wRERiyQIq3/nH15Ho2K1oBPGMOBZ+S2Tt0lFkFiHB2IbueRgzGDxS9tJnlWt2KxDlrTwnMCjdAZ0OgYdNDlig==}

  xterm-addon-fit@0.8.0:
    resolution: {integrity: sha512-yj3Np7XlvxxhYF/EJ7p3KHaMt6OdwQ+HDu573Vx1lRXsVxOcnVJs51RgjZOouIZOczTsskaS+CpXspK81/DLqw==}
    deprecated: This package is now deprecated. Move to @xterm/addon-fit instead.
    peerDependencies:
      xterm: ^5.0.0

  xterm@5.3.0:
    resolution: {integrity: sha512-8QqjlekLUFTrU6x7xck1MsPzPA571K5zNqWm0M0oroYEWVOptZ0+ubQSkQ3uxIEhcIHRujJy6emDWX4A7qyFzg==}
    deprecated: This package is now deprecated. Move to @xterm/xterm instead.

snapshots:

  v86@0.5.357: {}

  xterm-addon-fit@0.8.0(xterm@5.3.0):
    dependencies:
      xterm: 5.3.0

  xterm@5.3.0: {}
